// !$*UTF8*$!
{
	archiveVersion = 1;
	classes = {
	};
	objectVersion = 56;
	objects = {

/* Begin PBXBuildFile section */
		81C04E2A28E4EB2A003828CF /* EX_InitEnumApp.swift in Sources */ = {isa = PBXBuildFile; fileRef = 81C04E2928E4EB2A003828CF /* EX_InitEnumApp.swift */; };
		81C04E2C28E4EB2A003828CF /* ContentView.swift in Sources */ = {isa = PBXBuildFile; fileRef = 81C04E2B28E4EB2A003828CF /* ContentView.swift */; };
		81C04E2E28E4EB2C003828CF /* Assets.xcassets in Resources */ = {isa = PBXBuildFile; fileRef = 81C04E2D28E4EB2C003828CF /* Assets.xcassets */; };
		81C04E3128E4EB2C003828CF /* Preview Assets.xcassets in Resources */ = {isa = PBXBuildFile; fileRef = 81C04E3028E4EB2C003828CF /* Preview Assets.xcassets */; };
		81C04E3B28E4EB2C003828CF /* EX_InitEnumTests.swift in Sources */ = {isa = PBXBuildFile; fileRef = 81C04E3A28E4EB2C003828CF /* EX_InitEnumTests.swift */; };
		81C04E4528E4EB2C003828CF /* EX_InitEnumUITests.swift in Sources */ = {isa = PBXBuildFile; fileRef = 81C04E4428E4EB2C003828CF /* EX_InitEnumUITests.swift */; };
		81C04E4728E4EB2C003828CF /* EX_InitEnumUITestsLaunchTests.swift in Sources */ = {isa = PBXBuildFile; fileRef = 81C04E4628E4EB2C003828CF /* EX_InitEnumUITestsLaunchTests.swift */; };
/* End PBXBuildFile section */

/* Begin PBXContainerItemProxy section */
		81C04E3728E4EB2C003828CF /* PBXContainerItemProxy */ = {
			isa = PBXContainerItemProxy;
			containerPortal = 81C04E1E28E4EB2A003828CF /* Project object */;
			proxyType = 1;
			remoteGlobalIDString = 81C04E2528E4EB2A003828CF;
			remoteInfo = EX_InitEnum;
		};
		81C04E4128E4EB2C003828CF /* PBXContainerItemProxy */ = {
			isa = PBXContainerItemProxy;
			containerPortal = 81C04E1E28E4EB2A003828CF /* Project object */;
			proxyType = 1;
			remoteGlobalIDString = 81C04E2528E4EB2A003828CF;
			remoteInfo = EX_InitEnum;
		};
/* End PBXContainerItemProxy section */

/* Begin PBXFileReference section */
		81C04E2628E4EB2A003828CF /* EX_InitEnum.app */ = {isa = PBXFileReference; explicitFileType = wrapper.application; includeInIndex = 0; path = EX_InitEnum.app; sourceTree = BUILT_PRODUCTS_DIR; };
		81C04E2928E4EB2A003828CF /* EX_InitEnumApp.swift */ = {isa = PBXFileReference; lastKnownFileType = sourcecode.swift; path = EX_InitEnumApp.swift; sourceTree = "<group>"; };
		81C04E2B28E4EB2A003828CF /* ContentView.swift */ = {isa = PBXFileReference; lastKnownFileType = sourcecode.swift; path = ContentView.swift; sourceTree = "<group>"; };
		81C04E2D28E4EB2C003828CF /* Assets.xcassets */ = {isa = PBXFileReference; lastKnownFileType = folder.assetcatalog; path = Assets.xcassets; sourceTree = "<group>"; };
		81C04E3028E4EB2C003828CF /* Preview Assets.xcassets */ = {isa = PBXFileReference; lastKnownFileType = folder.assetcatalog; path = "Preview Assets.xcassets"; sourceTree = "<group>"; };
		81C04E3628E4EB2C003828CF /* EX_InitEnumTests.xctest */ = {isa = PBXFileReference; explicitFileType = wrapper.cfbundle; includeInIndex = 0; path = EX_InitEnumTests.xctest; sourceTree = BUILT_PRODUCTS_DIR; };
		81C04E3A28E4EB2C003828CF /* EX_InitEnumTests.swift */ = {isa = PBXFileReference; lastKnownFileType = sourcecode.swift; path = EX_InitEnumTests.swift; sourceTree = "<group>"; };
		81C04E4028E4EB2C003828CF /* EX_InitEnumUITests.xctest */ = {isa = PBXFileReference; explicitFileType = wrapper.cfbundle; includeInIndex = 0; path = EX_InitEnumUITests.xctest; sourceTree = BUILT_PRODUCTS_DIR; };
		81C04E4428E4EB2C003828CF /* EX_InitEnumUITests.swift */ = {isa = PBXFileReference; lastKnownFileType = sourcecode.swift; path = EX_InitEnumUITests.swift; sourceTree = "<group>"; };
		81C04E4628E4EB2C003828CF /* EX_InitEnumUITestsLaunchTests.swift */ = {isa = PBXFileReference; lastKnownFileType = sourcecode.swift; path = EX_InitEnumUITestsLaunchTests.swift; sourceTree = "<group>"; };
/* End PBXFileReference section */

/* Begin PBXFrameworksBuildPhase section */
		81C04E2328E4EB2A003828CF /* Frameworks */ = {
			isa = PBXFrameworksBuildPhase;
			buildActionMask = 2147483647;
			files = (
			);
			runOnlyForDeploymentPostprocessing = 0;
		};
		81C04E3328E4EB2C003828CF /* Frameworks */ = {
			isa = PBXFrameworksBuildPhase;
			buildActionMask = 2147483647;
			files = (
			);
			runOnlyForDeploymentPostprocessing = 0;
		};
		81C04E3D28E4EB2C003828CF /* Frameworks */ = {
			isa = PBXFrameworksBuildPhase;
			buildActionMask = 2147483647;
			files = (
			);
			runOnlyForDeploymentPostprocessing = 0;
		};
/* End PBXFrameworksBuildPhase section */

/* Begin PBXGroup section */
		81C04E1D28E4EB2A003828CF = {
			isa = PBXGroup;
			children = (
				81C04E2828E4EB2A003828CF /* EX_InitEnum */,
				81C04E3928E4EB2C003828CF /* EX_InitEnumTests */,
				81C04E4328E4EB2C003828CF /* EX_InitEnumUITests */,
				81C04E2728E4EB2A003828CF /* Products */,
			);
			sourceTree = "<group>";
		};
		81C04E2728E4EB2A003828CF /* Products */ = {
			isa = PBXGroup;
			children = (
				81C04E2628E4EB2A003828CF /* EX_InitEnum.app */,
				81C04E3628E4EB2C003828CF /* EX_InitEnumTests.xctest */,
				81C04E4028E4EB2C003828CF /* EX_InitEnumUITests.xctest */,
			);
			name = Products;
			sourceTree = "<group>";
		};
		81C04E2828E4EB2A003828CF /* EX_InitEnum */ = {
			isa = PBXGroup;
			children = (
				81C04E2928E4EB2A003828CF /* EX_InitEnumApp.swift */,
				81C04E2B28E4EB2A003828CF /* ContentView.swift */,
				81C04E2D28E4EB2C003828CF /* Assets.xcassets */,
				81C04E2F28E4EB2C003828CF /* Preview Content */,
			);
			path = EX_InitEnum;
			sourceTree = "<group>";
		};
		81C04E2F28E4EB2C003828CF /* Preview Content */ = {
			isa = PBXGroup;
			children = (
				81C04E3028E4EB2C003828CF /* Preview Assets.xcassets */,
			);
			path = "Preview Content";
			sourceTree = "<group>";
		};
		81C04E3928E4EB2C003828CF /* EX_InitEnumTests */ = {
			isa = PBXGroup;
			children = (
				81C04E3A28E4EB2C003828CF /* EX_InitEnumTests.swift */,
			);
			path = EX_InitEnumTests;
			sourceTree = "<group>";
		};
		81C04E4328E4EB2C003828CF /* EX_InitEnumUITests */ = {
			isa = PBXGroup;
			children = (
				81C04E4428E4EB2C003828CF /* EX_InitEnumUITests.swift */,
				81C04E4628E4EB2C003828CF /* EX_InitEnumUITestsLaunchTests.swift */,
			);
			path = EX_InitEnumUITests;
			sourceTree = "<group>";
		};
/* End PBXGroup section */

/* Begin PBXNativeTarget section */
		81C04E2528E4EB2A003828CF /* EX_InitEnum */ = {
			isa = PBXNativeTarget;
			buildConfigurationList = 81C04E4A28E4EB2C003828CF /* Build configuration list for PBXNativeTarget "EX_InitEnum" */;
			buildPhases = (
				81C04E2228E4EB2A003828CF /* Sources */,
				81C04E2328E4EB2A003828CF /* Frameworks */,
				81C04E2428E4EB2A003828CF /* Resources */,
			);
			buildRules = (
			);
			dependencies = (
			);
			name = EX_InitEnum;
			productName = EX_InitEnum;
			productReference = 81C04E2628E4EB2A003828CF /* EX_InitEnum.app */;
			productType = "com.apple.product-type.application";
		};
		81C04E3528E4EB2C003828CF /* EX_InitEnumTests */ = {
			isa = PBXNativeTarget;
			buildConfigurationList = 81C04E4D28E4EB2C003828CF /* Build configuration list for PBXNativeTarget "EX_InitEnumTests" */;
			buildPhases = (
				81C04E3228E4EB2C003828CF /* Sources */,
				81C04E3328E4EB2C003828CF /* Frameworks */,
				81C04E3428E4EB2C003828CF /* Resources */,
			);
			buildRules = (
			);
			dependencies = (
				81C04E3828E4EB2C003828CF /* PBXTargetDependency */,
			);
			name = EX_InitEnumTests;
			productName = EX_InitEnumTests;
			productReference = 81C04E3628E4EB2C003828CF /* EX_InitEnumTests.xctest */;
			productType = "com.apple.product-type.bundle.unit-test";
		};
		81C04E3F28E4EB2C003828CF /* EX_InitEnumUITests */ = {
			isa = PBXNativeTarget;
			buildConfigurationList = 81C04E5028E4EB2C003828CF /* Build configuration list for PBXNativeTarget "EX_InitEnumUITests" */;
			buildPhases = (
				81C04E3C28E4EB2C003828CF /* Sources */,
				81C04E3D28E4EB2C003828CF /* Frameworks */,
				81C04E3E28E4EB2C003828CF /* Resources */,
			);
			buildRules = (
			);
			dependencies = (
				81C04E4228E4EB2C003828CF /* PBXTargetDependency */,
			);
			name = EX_InitEnumUITests;
			productName = EX_InitEnumUITests;
			productReference = 81C04E4028E4EB2C003828CF /* EX_InitEnumUITests.xctest */;
			productType = "com.apple.product-type.bundle.ui-testing";
		};
/* End PBXNativeTarget section */

/* Begin PBXProject section */
		81C04E1E28E4EB2A003828CF /* Project object */ = {
			isa = PBXProject;
			attributes = {
				BuildIndependentTargetsInParallel = 1;
				LastSwiftUpdateCheck = 1400;
				LastUpgradeCheck = 1400;
				TargetAttributes = {
					81C04E2528E4EB2A003828CF = {
						CreatedOnToolsVersion = 14.0;
					};
					81C04E3528E4EB2C003828CF = {
						CreatedOnToolsVersion = 14.0;
						TestTargetID = 81C04E2528E4EB2A003828CF;
					};
					81C04E3F28E4EB2C003828CF = {
						CreatedOnToolsVersion = 14.0;
						TestTargetID = 81C04E2528E4EB2A003828CF;
					};
				};
			};
			buildConfigurationList = 81C04E2128E4EB2A003828CF /* Build configuration list for PBXProject "EX_InitEnum" */;
			compatibilityVersion = "Xcode 14.0";
			developmentRegion = en;
			hasScannedForEncodings = 0;
			knownRegions = (
				en,
				Base,
			);
			mainGroup = 81C04E1D28E4EB2A003828CF;
			productRefGroup = 81C04E2728E4EB2A003828CF /* Products */;
			projectDirPath = "";
			projectRoot = "";
			targets = (
				81C04E2528E4EB2A003828CF /* EX_InitEnum */,
				81C04E3528E4EB2C003828CF /* EX_InitEnumTests */,
				81C04E3F28E4EB2C003828CF /* EX_InitEnumUITests */,
			);
		};
/* End PBXProject section */

/* Begin PBXResourcesBuildPhase section */
		81C04E2428E4EB2A003828CF /* Resources */ = {
			isa = PBXResourcesBuildPhase;
			buildActionMask = 2147483647;
			files = (
				81C04E3128E4EB2C003828CF /* Preview Assets.xcassets in Resources */,
				81C04E2E28E4EB2C003828CF /* Assets.xcassets in Resources */,
			);
			runOnlyForDeploymentPostprocessing = 0;
		};
		81C04E3428E4EB2C003828CF /* Resources */ = {
			isa = PBXResourcesBuildPhase;
			buildActionMask = 2147483647;
			files = (
			);
			runOnlyForDeploymentPostprocessing = 0;
		};
		81C04E3E28E4EB2C003828CF /* Resources */ = {
			isa = PBXResourcesBuildPhase;
			buildActionMask = 2147483647;
			files = (
			);
			runOnlyForDeploymentPostprocessing = 0;
		};
/* End PBXResourcesBuildPhase section */

/* Begin PBXSourcesBuildPhase section */
		81C04E2228E4EB2A003828CF /* Sources */ = {
			isa = PBXSourcesBuildPhase;
			buildActionMask = 2147483647;
			files = (
				81C04E2C28E4EB2A003828CF /* ContentView.swift in Sources */,
				81C04E2A28E4EB2A003828CF /* EX_InitEnumApp.swift in Sources */,
			);
			runOnlyForDeploymentPostprocessing = 0;
		};
		81C04E3228E4EB2C003828CF /* Sources */ = {
			isa = PBXSourcesBuildPhase;
			buildActionMask = 2147483647;
			files = (
				81C04E3B28E4EB2C003828CF /* EX_InitEnumTests.swift in Sources */,
			);
			runOnlyForDeploymentPostprocessing = 0;
		};
		81C04E3C28E4EB2C003828CF /* Sources */ = {
			isa = PBXSourcesBuildPhase;
			buildActionMask = 2147483647;
			files = (
				81C04E4728E4EB2C003828CF /* EX_InitEnumUITestsLaunchTests.swift in Sources */,
				81C04E4528E4EB2C003828CF /* EX_InitEnumUITests.swift in Sources */,
			);
			runOnlyForDeploymentPostprocessing = 0;
		};
/* End PBXSourcesBuildPhase section */

/* Begin PBXTargetDependency section */
		81C04E3828E4EB2C003828CF /* PBXTargetDependency */ = {
			isa = PBXTargetDependency;
			target = 81C04E2528E4EB2A003828CF /* EX_InitEnum */;
			targetProxy = 81C04E3728E4EB2C003828CF /* PBXContainerItemProxy */;
		};
		81C04E4228E4EB2C003828CF /* PBXTargetDependency */ = {
			isa = PBXTargetDependency;
			target = 81C04E2528E4EB2A003828CF /* EX_InitEnum */;
			targetProxy = 81C04E4128E4EB2C003828CF /* PBXContainerItemProxy */;
		};
/* End PBXTargetDependency section */

/* Begin XCBuildConfiguration section */
		81C04E4828E4EB2C003828CF /* Debug */ = {
			isa = XCBuildConfiguration;
			buildSettings = {
				ALWAYS_SEARCH_USER_PATHS = NO;
				CLANG_ANALYZER_NONNULL = YES;
				CLANG_ANALYZER_NUMBER_OBJECT_CONVERSION = YES_AGGRESSIVE;
				CLANG_CXX_LANGUAGE_STANDARD = "gnu++20";
				CLANG_ENABLE_MODULES = YES;
				CLANG_ENABLE_OBJC_ARC = YES;
				CLANG_ENABLE_OBJC_WEAK = YES;
				CLANG_WARN_BLOCK_CAPTURE_AUTORELEASING = YES;
				CLANG_WARN_BOOL_CONVERSION = YES;
				CLANG_WARN_COMMA = YES;
				CLANG_WARN_CONSTANT_CONVERSION = YES;
				CLANG_WARN_DEPRECATED_OBJC_IMPLEMENTATIONS = YES;
				CLANG_WARN_DIRECT_OBJC_ISA_USAGE = YES_ERROR;
				CLANG_WARN_DOCUMENTATION_COMMENTS = YES;
				CLANG_WARN_EMPTY_BODY = YES;
				CLANG_WARN_ENUM_CONVERSION = YES;
				CLANG_WARN_INFINITE_RECURSION = YES;
				CLANG_WARN_INT_CONVERSION = YES;
				CLANG_WARN_NON_LITERAL_NULL_CONVERSION = YES;
				CLANG_WARN_OBJC_IMPLICIT_RETAIN_SELF = YES;
				CLANG_WARN_OBJC_LITERAL_CONVERSION = YES;
				CLANG_WARN_OBJC_ROOT_CLASS = YES_ERROR;
				CLANG_WARN_QUOTED_INCLUDE_IN_FRAMEWORK_HEADER = YES;
				CLANG_WARN_RANGE_LOOP_ANALYSIS = YES;
				CLANG_WARN_STRICT_PROTOTYPES = YES;
				CLANG_WARN_SUSPICIOUS_MOVE = YES;
				CLANG_WARN_UNGUARDED_AVAILABILITY = YES_AGGRESSIVE;
				CLANG_WARN_UNREACHABLE_CODE = YES;
				CLANG_WARN__DUPLICATE_METHOD_MATCH = YES;
				COPY_PHASE_STRIP = NO;
				DEBUG_INFORMATION_FORMAT = dwarf;
				ENABLE_STRICT_OBJC_MSGSEND = YES;
				ENABLE_TESTABILITY = YES;
				GCC_C_LANGUAGE_STANDARD = gnu11;
				GCC_DYNAMIC_NO_PIC = NO;
				GCC_NO_COMMON_BLOCKS = YES;
				GCC_OPTIMIZATION_LEVEL = 0;
				GCC_PREPROCESSOR_DEFINITIONS = (
					"DEBUG=1",
					"$(inherited)",
				);
				GCC_WARN_64_TO_32_BIT_CONVERSION = YES;
				GCC_WARN_ABOUT_RETURN_TYPE = YES_ERROR;
				GCC_WARN_UNDECLARED_SELECTOR = YES;
				GCC_WARN_UNINITIALIZED_AUTOS = YES_AGGRESSIVE;
				GCC_WARN_UNUSED_FUNCTION = YES;
				GCC_WARN_UNUSED_VARIABLE = YES;
				IPHONEOS_DEPLOYMENT_TARGET = 16.0;
				MTL_ENABLE_DEBUG_INFO = INCLUDE_SOURCE;
				MTL_FAST_MATH = YES;
				ONLY_ACTIVE_ARCH = YES;
				SDKROOT = iphoneos;
				SWIFT_ACTIVE_COMPILATION_CONDITIONS = DEBUG;
				SWIFT_OPTIMIZATION_LEVEL = "-Onone";
			};
			name = Debug;
		};
		81C04E4928E4EB2C003828CF /* Release */ = {
			isa = XCBuildConfiguration;
			buildSettings = {
				ALWAYS_SEARCH_USER_PATHS = NO;
				CLANG_ANALYZER_NONNULL = YES;
				CLANG_ANALYZER_NUMBER_OBJECT_CONVERSION = YES_AGGRESSIVE;
				CLANG_CXX_LANGUAGE_STANDARD = "gnu++20";
				CLANG_ENABLE_MODULES = YES;
				CLANG_ENABLE_OBJC_ARC = YES;
				CLANG_ENABLE_OBJC_WEAK = YES;
				CLANG_WARN_BLOCK_CAPTURE_AUTORELEASING = YES;
				CLANG_WARN_BOOL_CONVERSION = YES;
				CLANG_WARN_COMMA = YES;
				CLANG_WARN_CONSTANT_CONVERSION = YES;
				CLANG_WARN_DEPRECATED_OBJC_IMPLEMENTATIONS = YES;
				CLANG_WARN_DIRECT_OBJC_ISA_USAGE = YES_ERROR;
				CLANG_WARN_DOCUMENTATION_COMMENTS = YES;
				CLANG_WARN_EMPTY_BODY = YES;
				CLANG_WARN_ENUM_CONVERSION = YES;
				CLANG_WARN_INFINITE_RECURSION = YES;
				CLANG_WARN_INT_CONVERSION = YES;
				CLANG_WARN_NON_LITERAL_NULL_CONVERSION = YES;
				CLANG_WARN_OBJC_IMPLICIT_RETAIN_SELF = YES;
				CLANG_WARN_OBJC_LITERAL_CONVERSION = YES;
				CLANG_WARN_OBJC_ROOT_CLASS = YES_ERROR;
				CLANG_WARN_QUOTED_INCLUDE_IN_FRAMEWORK_HEADER = YES;
				CLANG_WARN_RANGE_LOOP_ANALYSIS = YES;
				CLANG_WARN_STRICT_PROTOTYPES = YES;
				CLANG_WARN_SUSPICIOUS_MOVE = YES;
				CLANG_WARN_UNGUARDED_AVAILABILITY = YES_AGGRESSIVE;
				CLANG_WARN_UNREACHABLE_CODE = YES;
				CLANG_WARN__DUPLICATE_METHOD_MATCH = YES;
				COPY_PHASE_STRIP = NO;
				DEBUG_INFORMATION_FORMAT = "dwarf-with-dsym";
				ENABLE_NS_ASSERTIONS = NO;
				ENABLE_STRICT_OBJC_MSGSEND = YES;
				GCC_C_LANGUAGE_STANDARD = gnu11;
				GCC_NO_COMMON_BLOCKS = YES;
				GCC_WARN_64_TO_32_BIT_CONVERSION = YES;
				GCC_WARN_ABOUT_RETURN_TYPE = YES_ERROR;
				GCC_WARN_UNDECLARED_SELECTOR = YES;
				GCC_WARN_UNINITIALIZED_AUTOS = YES_AGGRESSIVE;
				GCC_WARN_UNUSED_FUNCTION = YES;
				GCC_WARN_UNUSED_VARIABLE = YES;
				IPHONEOS_DEPLOYMENT_TARGET = 16.0;
				MTL_ENABLE_DEBUG_INFO = NO;
				MTL_FAST_MATH = YES;
				SDKROOT = iphoneos;
				SWIFT_COMPILATION_MODE = wholemodule;
				SWIFT_OPTIMIZATION_LEVEL = "-O";
				VALIDATE_PRODUCT = YES;
			};
			name = Release;
		};
		81C04E4B28E4EB2C003828CF /* Debug */ = {
			isa = XCBuildConfiguration;
			buildSettings = {
				ASSETCATALOG_COMPILER_APPICON_NAME = AppIcon;
				ASSETCATALOG_COMPILER_GLOBAL_ACCENT_COLOR_NAME = AccentColor;
				CODE_SIGN_STYLE = Automatic;
				CURRENT_PROJECT_VERSION = 1;
				DEVELOPMENT_ASSET_PATHS = "\"EX_InitEnum/Preview Content\"";
				DEVELOPMENT_TEAM = N676ZFA7W8;
				ENABLE_PREVIEWS = YES;
				GENERATE_INFOPLIST_FILE = YES;
				INFOPLIST_KEY_UIApplicationSceneManifest_Generation = YES;
				INFOPLIST_KEY_UIApplicationSupportsIndirectInputEvents = YES;
				INFOPLIST_KEY_UILaunchScreen_Generation = YES;
				INFOPLIST_KEY_UISupportedInterfaceOrientations_iPad = "UIInterfaceOrientationPortrait UIInterfaceOrientationPortraitUpsideDown UIInterfaceOrientationLandscapeLeft UIInterfaceOrientationLandscapeRight";
				INFOPLIST_KEY_UISupportedInterfaceOrientations_iPhone = "UIInterfaceOrientationPortrait UIInterfaceOrientationLandscapeLeft UIInterfaceOrientationLandscapeRight";
				LD_RUNPATH_SEARCH_PATHS = (
					"$(inherited)",
					"@executable_path/Frameworks",
				);
				MARKETING_VERSION = 1.0;
				PRODUCT_BUNDLE_IDENTIFIER = "quarang.EX-InitEnum";
				PRODUCT_NAME = "$(TARGET_NAME)";
				SWIFT_EMIT_LOC_STRINGS = YES;
				SWIFT_VERSION = 5.0;
				TARGETED_DEVICE_FAMILY = "1,2";
			};
			name = Debug;
		};
		81C04E4C28E4EB2C003828CF /* Release */ = {
			isa = XCBuildConfiguration;
			buildSettings = {
				ASSETCATALOG_COMPILER_APPICON_NAME = AppIcon;
				ASSETCATALOG_COMPILER_GLOBAL_ACCENT_COLOR_NAME = AccentColor;
				CODE_SIGN_STYLE = Automatic;
				CURRENT_PROJECT_VERSION = 1;
				DEVELOPMENT_ASSET_PATHS = "\"EX_InitEnum/Preview Content\"";
				DEVELOPMENT_TEAM = N676ZFA7W8;
				ENABLE_PREVIEWS = YES;
				GENERATE_INFOPLIST_FILE = YES;
				INFOPLIST_KEY_UIApplicationSceneManifest_Generation = YES;
				INFOPLIST_KEY_UIApplicationSupportsIndirectInputEvents = YES;
				INFOPLIST_KEY_UILaunchScreen_Generation = YES;
				INFOPLIST_KEY_UISupportedInterfaceOrientations_iPad = "UIInterfaceOrientationPortrait UIInterfaceOrientationPortraitUpsideDown UIInterfaceOrientationLandscapeLeft UIInterfaceOrientationLandscapeRight";
				INFOPLIST_KEY_UISupportedInterfaceOrientations_iPhone = "UIInterfaceOrientationPortrait UIInterfaceOrientationLandscapeLeft UIInterfaceOrientationLandscapeRight";
				LD_RUNPATH_SEARCH_PATHS = (
					"$(inherited)",
					"@executable_path/Frameworks",
				);
				MARKETING_VERSION = 1.0;
				PRODUCT_BUNDLE_IDENTIFIER = "quarang.EX-InitEnum";
				PRODUCT_NAME = "$(TARGET_NAME)";
				SWIFT_EMIT_LOC_STRINGS = YES;
				SWIFT_VERSION = 5.0;
				TARGETED_DEVICE_FAMILY = "1,2";
			};
			name = Release;
		};
		81C04E4E28E4EB2C003828CF /* Debug */ = {
			isa = XCBuildConfiguration;
			buildSettings = {
				ALWAYS_EMBED_SWIFT_STANDARD_LIBRARIES = YES;
				BUNDLE_LOADER = "$(TEST_HOST)";
				CODE_SIGN_STYLE = Automatic;
				CURRENT_PROJECT_VERSION = 1;
				DEVELOPMENT_TEAM = N676ZFA7W8;
				GENERATE_INFOPLIST_FILE = YES;
				IPHONEOS_DEPLOYMENT_TARGET = 16.0;
				MARKETING_VERSION = 1.0;
				PRODUCT_BUNDLE_IDENTIFIER = "quarang.EX-InitEnumTests";
				PRODUCT_NAME = "$(TARGET_NAME)";
				SWIFT_EMIT_LOC_STRINGS = NO;
				SWIFT_VERSION = 5.0;
				TARGETED_DEVICE_FAMILY = "1,2";
				TEST_HOST = "$(BUILT_PRODUCTS_DIR)/EX_InitEnum.app/$(BUNDLE_EXECUTABLE_FOLDER_PATH)/EX_InitEnum";
			};
			name = Debug;
		};
		81C04E4F28E4EB2C003828CF /* Release */ = {
			isa = XCBuildConfiguration;
			buildSettings = {
				ALWAYS_EMBED_SWIFT_STANDARD_LIBRARIES = YES;
				BUNDLE_LOADER = "$(TEST_HOST)";
				CODE_SIGN_STYLE = Automatic;
				CURRENT_PROJECT_VERSION = 1;
				DEVELOPMENT_TEAM = N676ZFA7W8;
				GENERATE_INFOPLIST_FILE = YES;
				IPHONEOS_DEPLOYMENT_TARGET = 16.0;
				MARKETING_VERSION = 1.0;
				PRODUCT_BUNDLE_IDENTIFIER = "quarang.EX-InitEnumTests";
				PRODUCT_NAME = "$(TARGET_NAME)";
				SWIFT_EMIT_LOC_STRINGS = NO;
				SWIFT_VERSION = 5.0;
				TARGETED_DEVICE_FAMILY = "1,2";
				TEST_HOST = "$(BUILT_PRODUCTS_DIR)/EX_InitEnum.app/$(BUNDLE_EXECUTABLE_FOLDER_PATH)/EX_InitEnum";
			};
			name = Release;
		};
		81C04E5128E4EB2C003828CF /* Debug */ = {
			isa = XCBuildConfiguration;
			buildSettings = {
				ALWAYS_EMBED_SWIFT_STANDARD_LIBRARIES = YES;
				CODE_SIGN_STYLE = Automatic;
				CURRENT_PROJECT_VERSION = 1;
				DEVELOPMENT_TEAM = N676ZFA7W8;
				GENERATE_INFOPLIST_FILE = YES;
				MARKETING_VERSION = 1.0;
				PRODUCT_BUNDLE_IDENTIFIER = "quarang.EX-InitEnumUITests";
				PRODUCT_NAME = "$(TARGET_NAME)";
				SWIFT_EMIT_LOC_STRINGS = NO;
				SWIFT_VERSION = 5.0;
				TARGETED_DEVICE_FAMILY = "1,2";
				TEST_TARGET_NAME = EX_InitEnum;
			};
			name = Debug;
		};
		81C04E5228E4EB2C003828CF /* Release */ = {
			isa = XCBuildConfiguration;
			buildSettings = {
				ALWAYS_EMBED_SWIFT_STANDARD_LIBRARIES = YES;
				CODE_SIGN_STYLE = Automatic;
				CURRENT_PROJECT_VERSION = 1;
				DEVELOPMENT_TEAM = N676ZFA7W8;
				GENERATE_INFOPLIST_FILE = YES;
				MARKETING_VERSION = 1.0;
				PRODUCT_BUNDLE_IDENTIFIER = "quarang.EX-InitEnumUITests";
				PRODUCT_NAME = "$(TARGET_NAME)";
				SWIFT_EMIT_LOC_STRINGS = NO;
				SWIFT_VERSION = 5.0;
				TARGETED_DEVICE_FAMILY = "1,2";
				TEST_TARGET_NAME = EX_InitEnum;
			};
			name = Release;
		};
/* End XCBuildConfiguration section */

/* Begin XCConfigurationList section */
		81C04E2128E4EB2A003828CF /* Build configuration list for PBXProject "EX_InitEnum" */ = {
			isa = XCConfigurationList;
			buildConfigurations = (
				81C04E4828E4EB2C003828CF /* Debug */,
				81C04E4928E4EB2C003828CF /* Release */,
			);
			defaultConfigurationIsVisible = 0;
			defaultConfigurationName = Release;
		};
		81C04E4A28E4EB2C003828CF /* Build configuration list for PBXNativeTarget "EX_InitEnum" */ = {
			isa = XCConfigurationList;
			buildConfigurations = (
				81C04E4B28E4EB2C003828CF /* Debug */,
				81C04E4C28E4EB2C003828CF /* Release */,
			);
			defaultConfigurationIsVisible = 0;
			defaultConfigurationName = Release;
		};
		81C04E4D28E4EB2C003828CF /* Build configuration list for PBXNativeTarget "EX_InitEnumTests" */ = {
			isa = XCConfigurationList;
			buildConfigurations = (
				81C04E4E28E4EB2C003828CF /* Debug */,
				81C04E4F28E4EB2C003828CF /* Release */,
			);
			defaultConfigurationIsVisible = 0;
			defaultConfigurationName = Release;
		};
		81C04E5028E4EB2C003828CF /* Build configuration list for PBXNativeTarget "EX_InitEnumUITests" */ = {
			isa = XCConfigurationList;
			buildConfigurations = (
				81C04E5128E4EB2C003828CF /* Debug */,
				81C04E5228E4EB2C003828CF /* Release */,
			);
			defaultConfigurationIsVisible = 0;
			defaultConfigurationName = Release;
		};
/* End XCConfigurationList section */
	};
	rootObject = 81C04E1E28E4EB2A003828CF /* Project object */;
}
